# THIS IS AN AUTOGENERATED FILE. DO NOT EDIT THIS FILE DIRECTLY.
# yarn lockfile v1


gently@^0.10.0:
  version "0.10.0"
  resolved "https://registry.yarnpkg.com/gently/-/gently-0.10.0.tgz#de4b3f0bb8b853be4b9fc2edd17f2d3c2e33bc28"
  integrity sha512-bWfstBTq/A73upQJ5zaJONPlYwhpD1K7s3YwHY5kyHbcTgr2A0/SBpn0NxtEhktgRtRMGEfC9zDZ/QHPvhzQ1Q==

lodash@^4.17.21:
  version "4.17.21"
  resolved "https://registry.yarnpkg.com/lodash/-/lodash-4.17.21.tgz#679591c564c3bffaae8454cf0b3df370c3d6911c"
  integrity sha512-v2kDEe57lecTulaDIuNTPy3Ry4gLGJ6Z1O3vE1krgXZNrsQ+LFTGHVxVjcXPs17LhbZVGedAJv8XZ1tvj5FvSg==

underscore@~1.13.6:
  version "1.13.7"
  resolved "https://registry.yarnpkg.com/underscore/-/underscore-1.13.7.tgz#970e33963af9a7dda228f17ebe8399e5fbe63a10"
  integrity sha512-GMXzWtsc57XAtguZgaQViUOzs0KTkk8ojr3/xAxXLITqf/3EMwxC0inyETfDFjH/Krbhuep0HNbbjI9i/q3F3g==
